
Microsoft Visual Studio Solution File, Format Version 12.00
# Visual Studio Version 17
VisualStudioVersion = 17.0.31903.59
MinimumVisualStudioVersion = 10.0.40219.1
Project("{2150E333-8FDC-42A3-9474-1A3956D46DE8}") = "backend", "backend", "{1AE8ACA6-933B-BF2A-3671-3E2EAC007D16}"
EndProject
Project("{FAE04EC0-301F-11D3-BF4B-00C04F79EFBC}") = "Aimy.API", "backend\Aimy.API\Aimy.API.csproj", "{D82436AD-E9CB-4264-A775-63071014883E}"
EndProject
Project("{FAE04EC0-301F-11D3-BF4B-00C04F79EFBC}") = "Aimy.Core", "backend\Aimy.Core\Aimy.Core.csproj", "{4F7BCC5E-ABC6-4EA0-91D8-EE87FB2AE9AA}"
EndProject
Project("{2150E333-8FDC-42A3-9474-1A3956D46DE8}") = "aspire", "aspire", "{64880D93-BAB4-FF83-898C-B934B68C31A9}"
EndProject
Project("{FAE04EC0-301F-11D3-BF4B-00C04F79EFBC}") = "Aimy.ServiceDefaults", "aspire\Aimy.ServiceDefaults\Aimy.ServiceDefaults.csproj", "{546AD0F9-4D20-43F5-89C0-2E71CBA8E7D6}"
EndProject
Project("{FAE04EC0-301F-11D3-BF4B-00C04F79EFBC}") = "Aimy.AppHost", "aspire\Aimy.AppHost\Aimy.AppHost.csproj", "{D507430B-FDB0-466E-8A4D-C1268E39AE11}"
EndProject
Global
	GlobalSection(SolutionConfigurationPlatforms) = preSolution
		Debug|Any CPU = Debug|Any CPU
		Debug|x64 = Debug|x64
		Debug|x86 = Debug|x86
		Release|Any CPU = Release|Any CPU
		Release|x64 = Release|x64
		Release|x86 = Release|x86
	EndGlobalSection
	GlobalSection(ProjectConfigurationPlatforms) = postSolution
		{D82436AD-E9CB-4264-A775-63071014883E}.Debug|Any CPU.ActiveCfg = Debug|Any CPU
		{D82436AD-E9CB-4264-A775-63071014883E}.Debug|Any CPU.Build.0 = Debug|Any CPU
		{D82436AD-E9CB-4264-A775-63071014883E}.Debug|x64.ActiveCfg = Debug|Any CPU
		{D82436AD-E9CB-4264-A775-63071014883E}.Debug|x64.Build.0 = Debug|Any CPU
		{D82436AD-E9CB-4264-A775-63071014883E}.Debug|x86.ActiveCfg = Debug|Any CPU
		{D82436AD-E9CB-4264-A775-63071014883E}.Debug|x86.Build.0 = Debug|Any CPU
		{D82436AD-E9CB-4264-A775-63071014883E}.Release|Any CPU.ActiveCfg = Release|Any CPU
		{D82436AD-E9CB-4264-A775-63071014883E}.Release|Any CPU.Build.0 = Release|Any CPU
		{D82436AD-E9CB-4264-A775-63071014883E}.Release|x64.ActiveCfg = Release|Any CPU
		{D82436AD-E9CB-4264-A775-63071014883E}.Release|x64.Build.0 = Release|Any CPU
		{D82436AD-E9CB-4264-A775-63071014883E}.Release|x86.ActiveCfg = Release|Any CPU
		{D82436AD-E9CB-4264-A775-63071014883E}.Release|x86.Build.0 = Release|Any CPU
		{4F7BCC5E-ABC6-4EA0-91D8-EE87FB2AE9AA}.Debug|Any CPU.ActiveCfg = Debug|Any CPU
		{4F7BCC5E-ABC6-4EA0-91D8-EE87FB2AE9AA}.Debug|Any CPU.Build.0 = Debug|Any CPU
		{4F7BCC5E-ABC6-4EA0-91D8-EE87FB2AE9AA}.Debug|x64.ActiveCfg = Debug|Any CPU
		{4F7BCC5E-ABC6-4EA0-91D8-EE87FB2AE9AA}.Debug|x64.Build.0 = Debug|Any CPU
		{4F7BCC5E-ABC6-4EA0-91D8-EE87FB2AE9AA}.Debug|x86.ActiveCfg = Debug|Any CPU
		{4F7BCC5E-ABC6-4EA0-91D8-EE87FB2AE9AA}.Debug|x86.Build.0 = Debug|Any CPU
		{4F7BCC5E-ABC6-4EA0-91D8-EE87FB2AE9AA}.Release|Any CPU.ActiveCfg = Release|Any CPU
		{4F7BCC5E-ABC6-4EA0-91D8-EE87FB2AE9AA}.Release|Any CPU.Build.0 = Release|Any CPU
		{4F7BCC5E-ABC6-4EA0-91D8-EE87FB2AE9AA}.Release|x64.ActiveCfg = Release|Any CPU
		{4F7BCC5E-ABC6-4EA0-91D8-EE87FB2AE9AA}.Release|x64.Build.0 = Release|Any CPU
		{4F7BCC5E-ABC6-4EA0-91D8-EE87FB2AE9AA}.Release|x86.ActiveCfg = Release|Any CPU
		{4F7BCC5E-ABC6-4EA0-91D8-EE87FB2AE9AA}.Release|x86.Build.0 = Release|Any CPU
		{546AD0F9-4D20-43F5-89C0-2E71CBA8E7D6}.Debug|Any CPU.ActiveCfg = Debug|Any CPU
		{546AD0F9-4D20-43F5-89C0-2E71CBA8E7D6}.Debug|Any CPU.Build.0 = Debug|Any CPU
		{546AD0F9-4D20-43F5-89C0-2E71CBA8E7D6}.Debug|x64.ActiveCfg = Debug|Any CPU
		{546AD0F9-4D20-43F5-89C0-2E71CBA8E7D6}.Debug|x64.Build.0 = Debug|Any CPU
		{546AD0F9-4D20-43F5-89C0-2E71CBA8E7D6}.Debug|x86.ActiveCfg = Debug|Any CPU
		{546AD0F9-4D20-43F5-89C0-2E71CBA8E7D6}.Debug|x86.Build.0 = Debug|Any CPU
		{546AD0F9-4D20-43F5-89C0-2E71CBA8E7D6}.Release|Any CPU.ActiveCfg = Release|Any CPU
		{546AD0F9-4D20-43F5-89C0-2E71CBA8E7D6}.Release|Any CPU.Build.0 = Release|Any CPU
		{546AD0F9-4D20-43F5-89C0-2E71CBA8E7D6}.Release|x64.ActiveCfg = Release|Any CPU
		{546AD0F9-4D20-43F5-89C0-2E71CBA8E7D6}.Release|x64.Build.0 = Release|Any CPU
		{546AD0F9-4D20-43F5-89C0-2E71CBA8E7D6}.Release|x86.ActiveCfg = Release|Any CPU
		{546AD0F9-4D20-43F5-89C0-2E71CBA8E7D6}.Release|x86.Build.0 = Release|Any CPU
		{D507430B-FDB0-466E-8A4D-C1268E39AE11}.Debug|Any CPU.ActiveCfg = Debug|Any CPU
		{D507430B-FDB0-466E-8A4D-C1268E39AE11}.Debug|Any CPU.Build.0 = Debug|Any CPU
		{D507430B-FDB0-466E-8A4D-C1268E39AE11}.Debug|x64.ActiveCfg = Debug|Any CPU
		{D507430B-FDB0-466E-8A4D-C1268E39AE11}.Debug|x64.Build.0 = Debug|Any CPU
		{D507430B-FDB0-466E-8A4D-C1268E39AE11}.Debug|x86.ActiveCfg = Debug|Any CPU
		{D507430B-FDB0-466E-8A4D-C1268E39AE11}.Debug|x86.Build.0 = Debug|Any CPU
		{D507430B-FDB0-466E-8A4D-C1268E39AE11}.Release|Any CPU.ActiveCfg = Release|Any CPU
		{D507430B-FDB0-466E-8A4D-C1268E39AE11}.Release|Any CPU.Build.0 = Release|Any CPU
		{D507430B-FDB0-466E-8A4D-C1268E39AE11}.Release|x64.ActiveCfg = Release|Any CPU
		{D507430B-FDB0-466E-8A4D-C1268E39AE11}.Release|x64.Build.0 = Release|Any CPU
		{D507430B-FDB0-466E-8A4D-C1268E39AE11}.Release|x86.ActiveCfg = Release|Any CPU
		{D507430B-FDB0-466E-8A4D-C1268E39AE11}.Release|x86.Build.0 = Release|Any CPU
	EndGlobalSection
	GlobalSection(SolutionProperties) = preSolution
		HideSolutionNode = FALSE
	EndGlobalSection
	GlobalSection(NestedProjects) = preSolution
		{D82436AD-E9CB-4264-A775-63071014883E} = {1AE8ACA6-933B-BF2A-3671-3E2EAC007D16}
		{4F7BCC5E-ABC6-4EA0-91D8-EE87FB2AE9AA} = {1AE8ACA6-933B-BF2A-3671-3E2EAC007D16}
		{546AD0F9-4D20-43F5-89C0-2E71CBA8E7D6} = {64880D93-BAB4-FF83-898C-B934B68C31A9}
		{D507430B-FDB0-466E-8A4D-C1268E39AE11} = {64880D93-BAB4-FF83-898C-B934B68C31A9}
	EndGlobalSection
	GlobalSection(ExtensibilityGlobals) = postSolution
		SolutionGuid = {4E6D8A3B-2345-4235-8667-273523523523}
	EndGlobalSection
EndGlobal
